<Solution>
  <Folder Name="/src/">
    <Project Path="src/ContextSmith.Application/ContextSmith.Application.csproj" />
    <Project Path="src/ContextSmith.Documents.Docx/ContextSmith.Documents.Docx.csproj" />
    <Project Path="src/ContextSmith.Documents.Text/ContextSmith.Documents.Text.csproj" />
    <Project Path="src/ContextSmith.Domain/ContextSmith.Domain.csproj" />
    <Project Path="src/ContextSmith.Mcp/ContextSmith.Mcp.csproj" />
  </Folder>
  <Folder Name="/tests/">
    <Project Path="tests/ContextSmith.Documents.Docx.Tests/ContextSmith.Documents.Docx.Tests.csproj" />
    <Project Path="tests/ContextSmith.Documents.Text.Tests/ContextSmith.Documents.Text.Tests.csproj" />
    <Project Path="tests/ContextSmith.Domain.Tests/ContextSmith.Domain.Tests.csproj" />
    <Project Path="tests/ContextSmith.Mcp.Tests/ContextSmith.Mcp.Tests.csproj" />
  </Folder>
</Solution>
